
Microsoft Visual Studio Solution File, Format Version 12.00
# Visual Studio Version 17
VisualStudioVersion = 17.14.36518.9 d17.14
MinimumVisualStudioVersion = 10.0.40219.1
Project("{FAE04EC0-301F-11D3-BF4B-00C04F79EFBC}") = "Biblioteca", "Biblioteca\Biblioteca.csproj", "{17163AA2-88BA-48EE-B070-863686099D41}"
EndProject
Global
	GlobalSection(SolutionConfigurationPlatforms) = preSolution
		Debug|Any CPU = Debug|Any CPU
		Release|Any CPU = Release|Any CPU
	EndGlobalSection
	GlobalSection(ProjectConfigurationPlatforms) = postSolution
		{17163AA2-88BA-48EE-B070-863686099D41}.Debug|Any CPU.ActiveCfg = Debug|Any CPU
		{17163AA2-88BA-48EE-B070-863686099D41}.Debug|Any CPU.Build.0 = Debug|Any CPU
		{17163AA2-88BA-48EE-B070-863686099D41}.Release|Any CPU.ActiveCfg = Release|Any CPU
		{17163AA2-88BA-48EE-B070-863686099D41}.Release|Any CPU.Build.0 = Release|Any CPU
	EndGlobalSection
	GlobalSection(SolutionProperties) = preSolution
		HideSolutionNode = FALSE
	EndGlobalSection
	GlobalSection(ExtensibilityGlobals) = postSolution
		SolutionGuid = {5E6653CB-5C25-4D23-9FC5-8B8BD3BA4B25}
	EndGlobalSection
EndGlobal
